{
  "name": "js-files",
  "version": "1.0.0",
  "lockfileVersion": 3,
  "requires": true,
  "packages": {
    "": {
      "name": "js-files",
      "version": "1.0.0",
      "license": "ISC",
      "workspaces": [
        "t-Vanguard",
        "t-VanguardEngine",
        "t-BareTransport"
      ]
    },
    "t-hyperviolet": {
      "name": "hyperviolet",
      "version": "3.2.4",
      "extraneous": true,
      "license": "MIT",
      "devDependencies": {
        "astring": "^1.8.6",
        "esbuild": "^0.18.11",
        "eslint": "^8.28.0",
        "events": "^3.3.0",
        "idb": "^7.1.1",
        "meriyah": "^4.3.7",
        "parse5": "^7.1.2",
        "prettier": "^2.8.0",
        "rimraf": "^5.0.1",
        "set-cookie-parser": "^2.6.0",
        "transport-mux": "file:../t-transport-mux"
      }
    },
    "t-transport-mux": {
      "name": "transport-mux",
      "version": "2.0.2",
      "extraneous": true,
      "dependencies": {
        "idb": "^7.1.1",
        "vanguard": "file:../t-vanguard"
      },
      "devDependencies": {
        "@rollup/plugin-inject": "^5.0.5",
        "@rollup/plugin-node-resolve": "^15.2.3",
        "@rollup/plugin-replace": "^5.0.5",
        "esbuild-plugin-umd-wrapper": "^2.0.3",
        "rollup": "^4.9.6",
        "rollup-plugin-typescript2": "^0.36.0"
      }
    },
    "t-vanguard": {
      "name": "vanguard",
      "version": "0.1.0",
      "extraneous": true
    }
  }
}
