{
  "name": "js-files",
  "version": "1.0.0",
  "lockfileVersion": 3,
  "requires": true,
  "packages": {
    "": {
      "name": "js-files",
      "version": "1.0.0",
      "license": "ISC",
      "workspaces": [
        "vanguard"
      ]
    },
    "node_modules/vanguard": {
      "resolved": "vanguard",
      "link": true
    },
    "vanguard": {
      "version": "0.1.0"
    }
  }
}
